// !$*UTF8*$!
{
	archiveVersion = 1;
	classes = {
	};
	objectVersion = 56;
	objects = {

/* Begin PBXBuildFile section */
		534D67912AAE993E00281642 /* AppDelegate.swift in Sources */ = {isa = PBXBuildFile; fileRef = 534D67902AAE993E00281642 /* AppDelegate.swift */; };
		534D67932AAE993E00281642 /* SceneDelegate.swift in Sources */ = {isa = PBXBuildFile; fileRef = 534D67922AAE993E00281642 /* SceneDelegate.swift */; };
		534D67952AAE993E00281642 /* ViewController.swift in Sources */ = {isa = PBXBuildFile; fileRef = 534D67942AAE993E00281642 /* ViewController.swift */; };
		534D67982AAE993E00281642 /* Main.storyboard in Resources */ = {isa = PBXBuildFile; fileRef = 534D67962AAE993E00281642 /* Main.storyboard */; };
		534D679A2AAE994000281642 /* Assets.xcassets in Resources */ = {isa = PBXBuildFile; fileRef = 534D67992AAE994000281642 /* Assets.xcassets */; };
		534D679D2AAE994000281642 /* LaunchScreen.storyboard in Resources */ = {isa = PBXBuildFile; fileRef = 534D679B2AAE994000281642 /* LaunchScreen.storyboard */; };
		534D67AC2AAEAE2500281642 /* Localizable.strings in Resources */ = {isa = PBXBuildFile; fileRef = 534D67AE2AAEAE2500281642 /* Localizable.strings */; };
		534D67B22AAEBAD700281642 /* String+Extension.swift in Sources */ = {isa = PBXBuildFile; fileRef = 534D67B12AAEBAD700281642 /* String+Extension.swift */; };
		53D5CD332AAFED5B0064CB3B /* LoginViewController.swift in Sources */ = {isa = PBXBuildFile; fileRef = 53D5CD322AAFED5B0064CB3B /* LoginViewController.swift */; };
		53D5CD352AAFF2F70064CB3B /* Observable.swift in Sources */ = {isa = PBXBuildFile; fileRef = 53D5CD342AAFF2F70064CB3B /* Observable.swift */; };
		53D5CD372AAFFDF50064CB3B /* SampleViewController.swift in Sources */ = {isa = PBXBuildFile; fileRef = 53D5CD362AAFFDF50064CB3B /* SampleViewController.swift */; };
		53D5CD392AB001560064CB3B /* SampleViewModel.swift in Sources */ = {isa = PBXBuildFile; fileRef = 53D5CD382AB001560064CB3B /* SampleViewModel.swift */; };
		53D5CD3B2AB00E460064CB3B /* LoginViewModel.swift in Sources */ = {isa = PBXBuildFile; fileRef = 53D5CD3A2AB00E460064CB3B /* LoginViewModel.swift */; };
		53D5CD3E2AB02A5C0064CB3B /* Photo.swift in Sources */ = {isa = PBXBuildFile; fileRef = 53D5CD3D2AB02A5C0064CB3B /* Photo.swift */; };
		53D5CD402AB02A6D0064CB3B /* APIService.swift in Sources */ = {isa = PBXBuildFile; fileRef = 53D5CD3F2AB02A6D0064CB3B /* APIService.swift */; };
		53D5CD422AB02B4B0064CB3B /* PhotoViewController.swift in Sources */ = {isa = PBXBuildFile; fileRef = 53D5CD412AB02B4B0064CB3B /* PhotoViewController.swift */; };
		53D5CD442AB02DA90064CB3B /* PhotoViewModel.swift in Sources */ = {isa = PBXBuildFile; fileRef = 53D5CD432AB02DA90064CB3B /* PhotoViewModel.swift */; };
		53D5CD4B2AB0A1290064CB3B /* Kingfisher in Frameworks */ = {isa = PBXBuildFile; productRef = 53D5CD4A2AB0A1290064CB3B /* Kingfisher */; };
		53D5CD522AB139E00064CB3B /* CalculateViewController.swift in Sources */ = {isa = PBXBuildFile; fileRef = 53D5CD512AB139E00064CB3B /* CalculateViewController.swift */; };
		53D5CD542AB13AA60064CB3B /* CalculateViewModel.swift in Sources */ = {isa = PBXBuildFile; fileRef = 53D5CD532AB13AA50064CB3B /* CalculateViewModel.swift */; };
		53D5CD562AB13DB60064CB3B /* dahyeObservable.swift in Sources */ = {isa = PBXBuildFile; fileRef = 53D5CD552AB13DB60064CB3B /* dahyeObservable.swift */; };
		53D5CD622AB296F30064CB3B /* SimpleTablViewController.swift in Sources */ = {isa = PBXBuildFile; fileRef = 53D5CD612AB296F30064CB3B /* SimpleTablViewController.swift */; };
		53D5CD642AB2A0120064CB3B /* SimpleCollectionViewController.swift in Sources */ = {isa = PBXBuildFile; fileRef = 53D5CD632AB2A0120064CB3B /* SimpleCollectionViewController.swift */; };
		53D5CD672AB2A9D70064CB3B /* SnapKit in Frameworks */ = {isa = PBXBuildFile; productRef = 53D5CD662AB2A9D70064CB3B /* SnapKit */; };
/* End PBXBuildFile section */

/* Begin PBXFileReference section */
		534D678D2AAE993E00281642 /* UnsplashProject.app */ = {isa = PBXFileReference; explicitFileType = wrapper.application; includeInIndex = 0; path = UnsplashProject.app; sourceTree = BUILT_PRODUCTS_DIR; };
		534D67902AAE993E00281642 /* AppDelegate.swift */ = {isa = PBXFileReference; lastKnownFileType = sourcecode.swift; path = AppDelegate.swift; sourceTree = "<group>"; };
		534D67922AAE993E00281642 /* SceneDelegate.swift */ = {isa = PBXFileReference; lastKnownFileType = sourcecode.swift; path = SceneDelegate.swift; sourceTree = "<group>"; };
		534D67942AAE993E00281642 /* ViewController.swift */ = {isa = PBXFileReference; lastKnownFileType = sourcecode.swift; path = ViewController.swift; sourceTree = "<group>"; };
		534D67972AAE993E00281642 /* Base */ = {isa = PBXFileReference; lastKnownFileType = file.storyboard; name = Base; path = Base.lproj/Main.storyboard; sourceTree = "<group>"; };
		534D67992AAE994000281642 /* Assets.xcassets */ = {isa = PBXFileReference; lastKnownFileType = folder.assetcatalog; path = Assets.xcassets; sourceTree = "<group>"; };
		534D679C2AAE994000281642 /* Base */ = {isa = PBXFileReference; lastKnownFileType = file.storyboard; name = Base; path = Base.lproj/LaunchScreen.storyboard; sourceTree = "<group>"; };
		534D679E2AAE994000281642 /* Info.plist */ = {isa = PBXFileReference; lastKnownFileType = text.plist.xml; path = Info.plist; sourceTree = "<group>"; };
		534D67A42AAE9CBA00281642 /* ko */ = {isa = PBXFileReference; lastKnownFileType = text.plist.strings; name = ko; path = ko.lproj/Main.strings; sourceTree = "<group>"; };
		534D67A52AAE9CBA00281642 /* ko */ = {isa = PBXFileReference; lastKnownFileType = text.plist.strings; name = ko; path = ko.lproj/LaunchScreen.strings; sourceTree = "<group>"; };
		534D67A62AAE9CDB00281642 /* ja */ = {isa = PBXFileReference; lastKnownFileType = text.plist.strings; name = ja; path = ja.lproj/Main.strings; sourceTree = "<group>"; };
		534D67A72AAE9CDB00281642 /* ja */ = {isa = PBXFileReference; lastKnownFileType = text.plist.strings; name = ja; path = ja.lproj/LaunchScreen.strings; sourceTree = "<group>"; };
		534D67A92AAE9DB800281642 /* en */ = {isa = PBXFileReference; lastKnownFileType = text.plist.strings; name = en; path = en.lproj/Main.strings; sourceTree = "<group>"; };
		534D67AD2AAEAE2500281642 /* en */ = {isa = PBXFileReference; lastKnownFileType = text.plist.strings; name = en; path = en.lproj/Localizable.strings; sourceTree = "<group>"; };
		534D67AF2AAEAE3A00281642 /* ja */ = {isa = PBXFileReference; lastKnownFileType = text.plist.strings; name = ja; path = ja.lproj/Localizable.strings; sourceTree = "<group>"; };
		534D67B02AAEAE3A00281642 /* ko */ = {isa = PBXFileReference; lastKnownFileType = text.plist.strings; name = ko; path = ko.lproj/Localizable.strings; sourceTree = "<group>"; };
		534D67B12AAEBAD700281642 /* String+Extension.swift */ = {isa = PBXFileReference; lastKnownFileType = sourcecode.swift; path = "String+Extension.swift"; sourceTree = "<group>"; };
		53D5CD322AAFED5B0064CB3B /* LoginViewController.swift */ = {isa = PBXFileReference; lastKnownFileType = sourcecode.swift; path = LoginViewController.swift; sourceTree = "<group>"; };
		53D5CD342AAFF2F70064CB3B /* Observable.swift */ = {isa = PBXFileReference; lastKnownFileType = sourcecode.swift; path = Observable.swift; sourceTree = "<group>"; };
		53D5CD362AAFFDF50064CB3B /* SampleViewController.swift */ = {isa = PBXFileReference; lastKnownFileType = sourcecode.swift; path = SampleViewController.swift; sourceTree = "<group>"; };
		53D5CD382AB001560064CB3B /* SampleViewModel.swift */ = {isa = PBXFileReference; lastKnownFileType = sourcecode.swift; path = SampleViewModel.swift; sourceTree = "<group>"; };
		53D5CD3A2AB00E460064CB3B /* LoginViewModel.swift */ = {isa = PBXFileReference; lastKnownFileType = sourcecode.swift; path = LoginViewModel.swift; sourceTree = "<group>"; };
		53D5CD3D2AB02A5C0064CB3B /* Photo.swift */ = {isa = PBXFileReference; lastKnownFileType = sourcecode.swift; path = Photo.swift; sourceTree = "<group>"; };
		53D5CD3F2AB02A6D0064CB3B /* APIService.swift */ = {isa = PBXFileReference; lastKnownFileType = sourcecode.swift; path = APIService.swift; sourceTree = "<group>"; };
		53D5CD412AB02B4B0064CB3B /* PhotoViewController.swift */ = {isa = PBXFileReference; lastKnownFileType = sourcecode.swift; path = PhotoViewController.swift; sourceTree = "<group>"; };
		53D5CD432AB02DA90064CB3B /* PhotoViewModel.swift */ = {isa = PBXFileReference; lastKnownFileType = sourcecode.swift; path = PhotoViewModel.swift; sourceTree = "<group>"; };
		53D5CD512AB139E00064CB3B /* CalculateViewController.swift */ = {isa = PBXFileReference; lastKnownFileType = sourcecode.swift; path = CalculateViewController.swift; sourceTree = "<group>"; };
		53D5CD532AB13AA50064CB3B /* CalculateViewModel.swift */ = {isa = PBXFileReference; lastKnownFileType = sourcecode.swift; path = CalculateViewModel.swift; sourceTree = "<group>"; };
		53D5CD552AB13DB60064CB3B /* dahyeObservable.swift */ = {isa = PBXFileReference; lastKnownFileType = sourcecode.swift; path = dahyeObservable.swift; sourceTree = "<group>"; };
		53D5CD612AB296F30064CB3B /* SimpleTablViewController.swift */ = {isa = PBXFileReference; lastKnownFileType = sourcecode.swift; path = SimpleTablViewController.swift; sourceTree = "<group>"; };
		53D5CD632AB2A0120064CB3B /* SimpleCollectionViewController.swift */ = {isa = PBXFileReference; lastKnownFileType = sourcecode.swift; path = SimpleCollectionViewController.swift; sourceTree = "<group>"; };
/* End PBXFileReference section */

/* Begin PBXFrameworksBuildPhase section */
		534D678A2AAE993E00281642 /* Frameworks */ = {
			isa = PBXFrameworksBuildPhase;
			buildActionMask = 2147483647;
			files = (
				53D5CD4B2AB0A1290064CB3B /* Kingfisher in Frameworks */,
				53D5CD672AB2A9D70064CB3B /* SnapKit in Frameworks */,
			);
			runOnlyForDeploymentPostprocessing = 0;
		};
/* End PBXFrameworksBuildPhase section */

/* Begin PBXGroup section */
		534D67842AAE993E00281642 = {
			isa = PBXGroup;
			children = (
				534D678F2AAE993E00281642 /* UnsplashProject */,
				534D678E2AAE993E00281642 /* Products */,
			);
			sourceTree = "<group>";
		};
		534D678E2AAE993E00281642 /* Products */ = {
			isa = PBXGroup;
			children = (
				534D678D2AAE993E00281642 /* UnsplashProject.app */,
			);
			name = Products;
			sourceTree = "<group>";
		};
		534D678F2AAE993E00281642 /* UnsplashProject */ = {
			isa = PBXGroup;
			children = (
				53D5CD602AB296DC0064CB3B /* New */,
				53D5CD502AB139B40064CB3B /* Calculate */,
				53D5CD3C2AB02A4E0064CB3B /* Photo */,
				53D5CD312AAFED3F0064CB3B /* Login */,
				534D67902AAE993E00281642 /* AppDelegate.swift */,
				534D67922AAE993E00281642 /* SceneDelegate.swift */,
				534D67942AAE993E00281642 /* ViewController.swift */,
				534D67962AAE993E00281642 /* Main.storyboard */,
				534D67992AAE994000281642 /* Assets.xcassets */,
				534D679B2AAE994000281642 /* LaunchScreen.storyboard */,
				534D679E2AAE994000281642 /* Info.plist */,
				534D67AE2AAEAE2500281642 /* Localizable.strings */,
				534D67B12AAEBAD700281642 /* String+Extension.swift */,
			);
			path = UnsplashProject;
			sourceTree = "<group>";
		};
		53D5CD312AAFED3F0064CB3B /* Login */ = {
			isa = PBXGroup;
			children = (
				53D5CD322AAFED5B0064CB3B /* LoginViewController.swift */,
				53D5CD342AAFF2F70064CB3B /* Observable.swift */,
				53D5CD362AAFFDF50064CB3B /* SampleViewController.swift */,
				53D5CD382AB001560064CB3B /* SampleViewModel.swift */,
				53D5CD3A2AB00E460064CB3B /* LoginViewModel.swift */,
			);
			path = Login;
			sourceTree = "<group>";
		};
		53D5CD3C2AB02A4E0064CB3B /* Photo */ = {
			isa = PBXGroup;
			children = (
				53D5CD3D2AB02A5C0064CB3B /* Photo.swift */,
				53D5CD3F2AB02A6D0064CB3B /* APIService.swift */,
				53D5CD412AB02B4B0064CB3B /* PhotoViewController.swift */,
				53D5CD432AB02DA90064CB3B /* PhotoViewModel.swift */,
			);
			path = Photo;
			sourceTree = "<group>";
		};
		53D5CD502AB139B40064CB3B /* Calculate */ = {
			isa = PBXGroup;
			children = (
				53D5CD512AB139E00064CB3B /* CalculateViewController.swift */,
				53D5CD532AB13AA50064CB3B /* CalculateViewModel.swift */,
				53D5CD552AB13DB60064CB3B /* dahyeObservable.swift */,
			);
			path = Calculate;
			sourceTree = "<group>";
		};
		53D5CD602AB296DC0064CB3B /* New */ = {
			isa = PBXGroup;
			children = (
				53D5CD612AB296F30064CB3B /* SimpleTablViewController.swift */,
				53D5CD632AB2A0120064CB3B /* SimpleCollectionViewController.swift */,
			);
			path = New;
			sourceTree = "<group>";
		};
/* End PBXGroup section */

/* Begin PBXNativeTarget section */
		534D678C2AAE993E00281642 /* UnsplashProject */ = {
			isa = PBXNativeTarget;
			buildConfigurationList = 534D67A12AAE994000281642 /* Build configuration list for PBXNativeTarget "UnsplashProject" */;
			buildPhases = (
				534D67892AAE993E00281642 /* Sources */,
				534D678A2AAE993E00281642 /* Frameworks */,
				534D678B2AAE993E00281642 /* Resources */,
			);
			buildRules = (
			);
			dependencies = (
			);
			name = UnsplashProject;
			packageProductDependencies = (
				53D5CD4A2AB0A1290064CB3B /* Kingfisher */,
				53D5CD662AB2A9D70064CB3B /* SnapKit */,
			);
			productName = UnsplashProject;
			productReference = 534D678D2AAE993E00281642 /* UnsplashProject.app */;
			productType = "com.apple.product-type.application";
		};
/* End PBXNativeTarget section */

/* Begin PBXProject section */
		534D67852AAE993E00281642 /* Project object */ = {
			isa = PBXProject;
			attributes = {
				BuildIndependentTargetsInParallel = 1;
				LastSwiftUpdateCheck = 1430;
				LastUpgradeCheck = 1430;
				TargetAttributes = {
					534D678C2AAE993E00281642 = {
						CreatedOnToolsVersion = 14.3.1;
					};
				};
			};
			buildConfigurationList = 534D67882AAE993E00281642 /* Build configuration list for PBXProject "UnsplashProject" */;
			compatibilityVersion = "Xcode 14.0";
			developmentRegion = en;
			hasScannedForEncodings = 0;
			knownRegions = (
				en,
				Base,
				ko,
				ja,
			);
			mainGroup = 534D67842AAE993E00281642;
			packageReferences = (
				53D5CD492AB0A1290064CB3B /* XCRemoteSwiftPackageReference "Kingfisher" */,
				53D5CD652AB2A9D70064CB3B /* XCRemoteSwiftPackageReference "SnapKit" */,
			);
			productRefGroup = 534D678E2AAE993E00281642 /* Products */;
			projectDirPath = "";
			projectRoot = "";
			targets = (
				534D678C2AAE993E00281642 /* UnsplashProject */,
			);
		};
/* End PBXProject section */

/* Begin PBXResourcesBuildPhase section */
		534D678B2AAE993E00281642 /* Resources */ = {
			isa = PBXResourcesBuildPhase;
			buildActionMask = 2147483647;
			files = (
				534D679D2AAE994000281642 /* LaunchScreen.storyboard in Resources */,
				534D67AC2AAEAE2500281642 /* Localizable.strings in Resources */,
				534D679A2AAE994000281642 /* Assets.xcassets in Resources */,
				534D67982AAE993E00281642 /* Main.storyboard in Resources */,
			);
			runOnlyForDeploymentPostprocessing = 0;
		};
/* End PBXResourcesBuildPhase section */

/* Begin PBXSourcesBuildPhase section */
		534D67892AAE993E00281642 /* Sources */ = {
			isa = PBXSourcesBuildPhase;
			buildActionMask = 2147483647;
			files = (
				53D5CD562AB13DB60064CB3B /* dahyeObservable.swift in Sources */,
				534D67B22AAEBAD700281642 /* String+Extension.swift in Sources */,
				534D67952AAE993E00281642 /* ViewController.swift in Sources */,
				534D67912AAE993E00281642 /* AppDelegate.swift in Sources */,
				53D5CD332AAFED5B0064CB3B /* LoginViewController.swift in Sources */,
				53D5CD622AB296F30064CB3B /* SimpleTablViewController.swift in Sources */,
				53D5CD402AB02A6D0064CB3B /* APIService.swift in Sources */,
				53D5CD642AB2A0120064CB3B /* SimpleCollectionViewController.swift in Sources */,
				53D5CD422AB02B4B0064CB3B /* PhotoViewController.swift in Sources */,
				53D5CD3E2AB02A5C0064CB3B /* Photo.swift in Sources */,
				53D5CD542AB13AA60064CB3B /* CalculateViewModel.swift in Sources */,
				53D5CD522AB139E00064CB3B /* CalculateViewController.swift in Sources */,
				53D5CD352AAFF2F70064CB3B /* Observable.swift in Sources */,
				534D67932AAE993E00281642 /* SceneDelegate.swift in Sources */,
				53D5CD392AB001560064CB3B /* SampleViewModel.swift in Sources */,
				53D5CD442AB02DA90064CB3B /* PhotoViewModel.swift in Sources */,
				53D5CD372AAFFDF50064CB3B /* SampleViewController.swift in Sources */,
				53D5CD3B2AB00E460064CB3B /* LoginViewModel.swift in Sources */,
			);
			runOnlyForDeploymentPostprocessing = 0;
		};
/* End PBXSourcesBuildPhase section */

/* Begin PBXVariantGroup section */
		534D67962AAE993E00281642 /* Main.storyboard */ = {
			isa = PBXVariantGroup;
			children = (
				534D67972AAE993E00281642 /* Base */,
				534D67A42AAE9CBA00281642 /* ko */,
				534D67A62AAE9CDB00281642 /* ja */,
				534D67A92AAE9DB800281642 /* en */,
			);
			name = Main.storyboard;
			sourceTree = "<group>";
		};
		534D679B2AAE994000281642 /* LaunchScreen.storyboard */ = {
			isa = PBXVariantGroup;
			children = (
				534D679C2AAE994000281642 /* Base */,
				534D67A52AAE9CBA00281642 /* ko */,
				534D67A72AAE9CDB00281642 /* ja */,
			);
			name = LaunchScreen.storyboard;
			sourceTree = "<group>";
		};
		534D67AE2AAEAE2500281642 /* Localizable.strings */ = {
			isa = PBXVariantGroup;
			children = (
				534D67AD2AAEAE2500281642 /* en */,
				534D67AF2AAEAE3A00281642 /* ja */,
				534D67B02AAEAE3A00281642 /* ko */,
			);
			name = Localizable.strings;
			sourceTree = "<group>";
		};
/* End PBXVariantGroup section */

/* Begin XCBuildConfiguration section */
		534D679F2AAE994000281642 /* Debug */ = {
			isa = XCBuildConfiguration;
			buildSettings = {
				ALWAYS_SEARCH_USER_PATHS = NO;
				CLANG_ANALYZER_LOCALIZABILITY_NONLOCALIZED = YES;
				CLANG_ANALYZER_NONNULL = YES;
				CLANG_ANALYZER_NUMBER_OBJECT_CONVERSION = YES_AGGRESSIVE;
				CLANG_CXX_LANGUAGE_STANDARD = "gnu++20";
				CLANG_ENABLE_MODULES = YES;
				CLANG_ENABLE_OBJC_ARC = YES;
				CLANG_ENABLE_OBJC_WEAK = YES;
				CLANG_WARN_BLOCK_CAPTURE_AUTORELEASING = YES;
				CLANG_WARN_BOOL_CONVERSION = YES;
				CLANG_WARN_COMMA = YES;
				CLANG_WARN_CONSTANT_CONVERSION = YES;
				CLANG_WARN_DEPRECATED_OBJC_IMPLEMENTATIONS = YES;
				CLANG_WARN_DIRECT_OBJC_ISA_USAGE = YES_ERROR;
				CLANG_WARN_DOCUMENTATION_COMMENTS = YES;
				CLANG_WARN_EMPTY_BODY = YES;
				CLANG_WARN_ENUM_CONVERSION = YES;
				CLANG_WARN_INFINITE_RECURSION = YES;
				CLANG_WARN_INT_CONVERSION = YES;
				CLANG_WARN_NON_LITERAL_NULL_CONVERSION = YES;
				CLANG_WARN_OBJC_IMPLICIT_RETAIN_SELF = YES;
				CLANG_WARN_OBJC_LITERAL_CONVERSION = YES;
				CLANG_WARN_OBJC_ROOT_CLASS = YES_ERROR;
				CLANG_WARN_QUOTED_INCLUDE_IN_FRAMEWORK_HEADER = YES;
				CLANG_WARN_RANGE_LOOP_ANALYSIS = YES;
				CLANG_WARN_STRICT_PROTOTYPES = YES;
				CLANG_WARN_SUSPICIOUS_MOVE = YES;
				CLANG_WARN_UNGUARDED_AVAILABILITY = YES_AGGRESSIVE;
				CLANG_WARN_UNREACHABLE_CODE = YES;
				CLANG_WARN__DUPLICATE_METHOD_MATCH = YES;
				COPY_PHASE_STRIP = NO;
				DEBUG_INFORMATION_FORMAT = dwarf;
				ENABLE_STRICT_OBJC_MSGSEND = YES;
				ENABLE_TESTABILITY = YES;
				GCC_C_LANGUAGE_STANDARD = gnu11;
				GCC_DYNAMIC_NO_PIC = NO;
				GCC_NO_COMMON_BLOCKS = YES;
				GCC_OPTIMIZATION_LEVEL = 0;
				GCC_PREPROCESSOR_DEFINITIONS = (
					"DEBUG=1",
					"$(inherited)",
				);
				GCC_WARN_64_TO_32_BIT_CONVERSION = YES;
				GCC_WARN_ABOUT_RETURN_TYPE = YES_ERROR;
				GCC_WARN_UNDECLARED_SELECTOR = YES;
				GCC_WARN_UNINITIALIZED_AUTOS = YES_AGGRESSIVE;
				GCC_WARN_UNUSED_FUNCTION = YES;
				GCC_WARN_UNUSED_VARIABLE = YES;
				IPHONEOS_DEPLOYMENT_TARGET = 16.4;
				MTL_ENABLE_DEBUG_INFO = INCLUDE_SOURCE;
				MTL_FAST_MATH = YES;
				ONLY_ACTIVE_ARCH = YES;
				SDKROOT = iphoneos;
				SWIFT_ACTIVE_COMPILATION_CONDITIONS = DEBUG;
				SWIFT_OPTIMIZATION_LEVEL = "-Onone";
			};
			name = Debug;
		};
		534D67A02AAE994000281642 /* Release */ = {
			isa = XCBuildConfiguration;
			buildSettings = {
				ALWAYS_SEARCH_USER_PATHS = NO;
				CLANG_ANALYZER_LOCALIZABILITY_NONLOCALIZED = YES;
				CLANG_ANALYZER_NONNULL = YES;
				CLANG_ANALYZER_NUMBER_OBJECT_CONVERSION = YES_AGGRESSIVE;
				CLANG_CXX_LANGUAGE_STANDARD = "gnu++20";
				CLANG_ENABLE_MODULES = YES;
				CLANG_ENABLE_OBJC_ARC = YES;
				CLANG_ENABLE_OBJC_WEAK = YES;
				CLANG_WARN_BLOCK_CAPTURE_AUTORELEASING = YES;
				CLANG_WARN_BOOL_CONVERSION = YES;
				CLANG_WARN_COMMA = YES;
				CLANG_WARN_CONSTANT_CONVERSION = YES;
				CLANG_WARN_DEPRECATED_OBJC_IMPLEMENTATIONS = YES;
				CLANG_WARN_DIRECT_OBJC_ISA_USAGE = YES_ERROR;
				CLANG_WARN_DOCUMENTATION_COMMENTS = YES;
				CLANG_WARN_EMPTY_BODY = YES;
				CLANG_WARN_ENUM_CONVERSION = YES;
				CLANG_WARN_INFINITE_RECURSION = YES;
				CLANG_WARN_INT_CONVERSION = YES;
				CLANG_WARN_NON_LITERAL_NULL_CONVERSION = YES;
				CLANG_WARN_OBJC_IMPLICIT_RETAIN_SELF = YES;
				CLANG_WARN_OBJC_LITERAL_CONVERSION = YES;
				CLANG_WARN_OBJC_ROOT_CLASS = YES_ERROR;
				CLANG_WARN_QUOTED_INCLUDE_IN_FRAMEWORK_HEADER = YES;
				CLANG_WARN_RANGE_LOOP_ANALYSIS = YES;
				CLANG_WARN_STRICT_PROTOTYPES = YES;
				CLANG_WARN_SUSPICIOUS_MOVE = YES;
				CLANG_WARN_UNGUARDED_AVAILABILITY = YES_AGGRESSIVE;
				CLANG_WARN_UNREACHABLE_CODE = YES;
				CLANG_WARN__DUPLICATE_METHOD_MATCH = YES;
				COPY_PHASE_STRIP = NO;
				DEBUG_INFORMATION_FORMAT = "dwarf-with-dsym";
				ENABLE_NS_ASSERTIONS = NO;
				ENABLE_STRICT_OBJC_MSGSEND = YES;
				GCC_C_LANGUAGE_STANDARD = gnu11;
				GCC_NO_COMMON_BLOCKS = YES;
				GCC_WARN_64_TO_32_BIT_CONVERSION = YES;
				GCC_WARN_ABOUT_RETURN_TYPE = YES_ERROR;
				GCC_WARN_UNDECLARED_SELECTOR = YES;
				GCC_WARN_UNINITIALIZED_AUTOS = YES_AGGRESSIVE;
				GCC_WARN_UNUSED_FUNCTION = YES;
				GCC_WARN_UNUSED_VARIABLE = YES;
				IPHONEOS_DEPLOYMENT_TARGET = 16.4;
				MTL_ENABLE_DEBUG_INFO = NO;
				MTL_FAST_MATH = YES;
				SDKROOT = iphoneos;
				SWIFT_COMPILATION_MODE = wholemodule;
				SWIFT_OPTIMIZATION_LEVEL = "-O";
				VALIDATE_PRODUCT = YES;
			};
			name = Release;
		};
		534D67A22AAE994000281642 /* Debug */ = {
			isa = XCBuildConfiguration;
			buildSettings = {
				ASSETCATALOG_COMPILER_APPICON_NAME = AppIcon;
				ASSETCATALOG_COMPILER_GLOBAL_ACCENT_COLOR_NAME = AccentColor;
				CODE_SIGN_STYLE = Automatic;
				CURRENT_PROJECT_VERSION = 1;
				DEVELOPMENT_TEAM = KLYH4UN5ZC;
				GENERATE_INFOPLIST_FILE = YES;
				INFOPLIST_FILE = UnsplashProject/Info.plist;
				INFOPLIST_KEY_UIApplicationSupportsIndirectInputEvents = YES;
				INFOPLIST_KEY_UILaunchStoryboardName = LaunchScreen;
				INFOPLIST_KEY_UIMainStoryboardFile = Main;
				INFOPLIST_KEY_UISupportedInterfaceOrientations_iPad = "UIInterfaceOrientationPortrait UIInterfaceOrientationPortraitUpsideDown UIInterfaceOrientationLandscapeLeft UIInterfaceOrientationLandscapeRight";
				INFOPLIST_KEY_UISupportedInterfaceOrientations_iPhone = "UIInterfaceOrientationPortrait UIInterfaceOrientationLandscapeLeft UIInterfaceOrientationLandscapeRight";
				LD_RUNPATH_SEARCH_PATHS = (
					"$(inherited)",
					"@executable_path/Frameworks",
				);
				MARKETING_VERSION = 1.0;
				PRODUCT_BUNDLE_IDENTIFIER = com.dahye.UnsplashProject;
				PRODUCT_NAME = "$(TARGET_NAME)";
				SWIFT_EMIT_LOC_STRINGS = YES;
				SWIFT_VERSION = 5.0;
				TARGETED_DEVICE_FAMILY = "1,2";
			};
			name = Debug;
		};
		534D67A32AAE994000281642 /* Release */ = {
			isa = XCBuildConfiguration;
			buildSettings = {
				ASSETCATALOG_COMPILER_APPICON_NAME = AppIcon;
				ASSETCATALOG_COMPILER_GLOBAL_ACCENT_COLOR_NAME = AccentColor;
				CODE_SIGN_STYLE = Automatic;
				CURRENT_PROJECT_VERSION = 1;
				DEVELOPMENT_TEAM = KLYH4UN5ZC;
				GENERATE_INFOPLIST_FILE = YES;
				INFOPLIST_FILE = UnsplashProject/Info.plist;
				INFOPLIST_KEY_UIApplicationSupportsIndirectInputEvents = YES;
				INFOPLIST_KEY_UILaunchStoryboardName = LaunchScreen;
				INFOPLIST_KEY_UIMainStoryboardFile = Main;
				INFOPLIST_KEY_UISupportedInterfaceOrientations_iPad = "UIInterfaceOrientationPortrait UIInterfaceOrientationPortraitUpsideDown UIInterfaceOrientationLandscapeLeft UIInterfaceOrientationLandscapeRight";
				INFOPLIST_KEY_UISupportedInterfaceOrientations_iPhone = "UIInterfaceOrientationPortrait UIInterfaceOrientationLandscapeLeft UIInterfaceOrientationLandscapeRight";
				LD_RUNPATH_SEARCH_PATHS = (
					"$(inherited)",
					"@executable_path/Frameworks",
				);
				MARKETING_VERSION = 1.0;
				PRODUCT_BUNDLE_IDENTIFIER = com.dahye.UnsplashProject;
				PRODUCT_NAME = "$(TARGET_NAME)";
				SWIFT_EMIT_LOC_STRINGS = YES;
				SWIFT_VERSION = 5.0;
				TARGETED_DEVICE_FAMILY = "1,2";
			};
			name = Release;
		};
/* End XCBuildConfiguration section */

/* Begin XCConfigurationList section */
		534D67882AAE993E00281642 /* Build configuration list for PBXProject "UnsplashProject" */ = {
			isa = XCConfigurationList;
			buildConfigurations = (
				534D679F2AAE994000281642 /* Debug */,
				534D67A02AAE994000281642 /* Release */,
			);
			defaultConfigurationIsVisible = 0;
			defaultConfigurationName = Release;
		};
		534D67A12AAE994000281642 /* Build configuration list for PBXNativeTarget "UnsplashProject" */ = {
			isa = XCConfigurationList;
			buildConfigurations = (
				534D67A22AAE994000281642 /* Debug */,
				534D67A32AAE994000281642 /* Release */,
			);
			defaultConfigurationIsVisible = 0;
			defaultConfigurationName = Release;
		};
/* End XCConfigurationList section */

/* Begin XCRemoteSwiftPackageReference section */
		53D5CD492AB0A1290064CB3B /* XCRemoteSwiftPackageReference "Kingfisher" */ = {
			isa = XCRemoteSwiftPackageReference;
			repositoryURL = "https://github.com/onevcat/Kingfisher.git";
			requirement = {
				kind = upToNextMajorVersion;
				minimumVersion = 7.0.0;
			};
		};
		53D5CD652AB2A9D70064CB3B /* XCRemoteSwiftPackageReference "SnapKit" */ = {
			isa = XCRemoteSwiftPackageReference;
			repositoryURL = "https://github.com/SnapKit/SnapKit.git";
			requirement = {
				kind = upToNextMajorVersion;
				minimumVersion = 5.0.0;
			};
		};
/* End XCRemoteSwiftPackageReference section */

/* Begin XCSwiftPackageProductDependency section */
		53D5CD4A2AB0A1290064CB3B /* Kingfisher */ = {
			isa = XCSwiftPackageProductDependency;
			package = 53D5CD492AB0A1290064CB3B /* XCRemoteSwiftPackageReference "Kingfisher" */;
			productName = Kingfisher;
		};
		53D5CD662AB2A9D70064CB3B /* SnapKit */ = {
			isa = XCSwiftPackageProductDependency;
			package = 53D5CD652AB2A9D70064CB3B /* XCRemoteSwiftPackageReference "SnapKit" */;
			productName = SnapKit;
		};
/* End XCSwiftPackageProductDependency section */
	};
	rootObject = 534D67852AAE993E00281642 /* Project object */;
}
